
Microsoft Visual Studio Solution File, Format Version 12.00
# Visual Studio 14
VisualStudioVersion = 14.0.25420.1
MinimumVisualStudioVersion = 10.0.40219.1
Project("{8BC9CEB8-8B4A-11D0-8D11-00A0C91BC942}") = "medit", "medit.vcxproj", "{AE20D718-EF1A-4E1B-A666-7809CEC593AC}"
EndProject
Project("{8BC9CEB8-8B4A-11D0-8D11-00A0C91BC942}") = "freeglut", "freeglut\freeglut.vcxproj", "{5F411196-07A7-4CCC-A5BA-9F42552AFCEA}"
EndProject
Project("{8BC9CEB8-8B4A-11D0-8D11-00A0C91BC942}") = "libmesh", "libmesh\libmesh.vcxproj", "{6EB024B2-B91C-425A-A45F-C615E7FAFCAB}"
EndProject
Global
	GlobalSection(SolutionConfigurationPlatforms) = preSolution
		Debug|x64 = Debug|x64
		Debug|x86 = Debug|x86
		Release|x64 = Release|x64
		Release|x86 = Release|x86
	EndGlobalSection
	GlobalSection(ProjectConfigurationPlatforms) = postSolution
		{AE20D718-EF1A-4E1B-A666-7809CEC593AC}.Debug|x64.ActiveCfg = Debug|x64
		{AE20D718-EF1A-4E1B-A666-7809CEC593AC}.Debug|x64.Build.0 = Debug|x64
		{AE20D718-EF1A-4E1B-A666-7809CEC593AC}.Debug|x86.ActiveCfg = Debug|Win32
		{AE20D718-EF1A-4E1B-A666-7809CEC593AC}.Debug|x86.Build.0 = Debug|Win32
		{AE20D718-EF1A-4E1B-A666-7809CEC593AC}.Release|x64.ActiveCfg = Release|x64
		{AE20D718-EF1A-4E1B-A666-7809CEC593AC}.Release|x64.Build.0 = Release|x64
		{AE20D718-EF1A-4E1B-A666-7809CEC593AC}.Release|x86.ActiveCfg = Release|Win32
		{AE20D718-EF1A-4E1B-A666-7809CEC593AC}.Release|x86.Build.0 = Release|Win32
		{5F411196-07A7-4CCC-A5BA-9F42552AFCEA}.Debug|x64.ActiveCfg = Debug|x64
		{5F411196-07A7-4CCC-A5BA-9F42552AFCEA}.Debug|x64.Build.0 = Debug|x64
		{5F411196-07A7-4CCC-A5BA-9F42552AFCEA}.Debug|x86.ActiveCfg = Debug|Win32
		{5F411196-07A7-4CCC-A5BA-9F42552AFCEA}.Debug|x86.Build.0 = Debug|Win32
		{5F411196-07A7-4CCC-A5BA-9F42552AFCEA}.Release|x64.ActiveCfg = Release|x64
		{5F411196-07A7-4CCC-A5BA-9F42552AFCEA}.Release|x64.Build.0 = Release|x64
		{5F411196-07A7-4CCC-A5BA-9F42552AFCEA}.Release|x86.ActiveCfg = Release|Win32
		{5F411196-07A7-4CCC-A5BA-9F42552AFCEA}.Release|x86.Build.0 = Release|Win32
		{6EB024B2-B91C-425A-A45F-C615E7FAFCAB}.Debug|x64.ActiveCfg = Debug|x64
		{6EB024B2-B91C-425A-A45F-C615E7FAFCAB}.Debug|x64.Build.0 = Debug|x64
		{6EB024B2-B91C-425A-A45F-C615E7FAFCAB}.Debug|x86.ActiveCfg = Debug|Win32
		{6EB024B2-B91C-425A-A45F-C615E7FAFCAB}.Debug|x86.Build.0 = Debug|Win32
		{6EB024B2-B91C-425A-A45F-C615E7FAFCAB}.Release|x64.ActiveCfg = Release|x64
		{6EB024B2-B91C-425A-A45F-C615E7FAFCAB}.Release|x64.Build.0 = Release|x64
		{6EB024B2-B91C-425A-A45F-C615E7FAFCAB}.Release|x86.ActiveCfg = Release|Win32
		{6EB024B2-B91C-425A-A45F-C615E7FAFCAB}.Release|x86.Build.0 = Release|Win32
	EndGlobalSection
	GlobalSection(SolutionProperties) = preSolution
		HideSolutionNode = FALSE
	EndGlobalSection
EndGlobal
